
Microsoft Visual Studio Solution File, Format Version 10.00
# Visual Studio 2008
Project("{8BC9CEB8-8B4A-11D0-8D11-00A0C91BC942}") = "libroad", "libroad.vcproj", "{5EDD666F-C7F6-421B-9AEA-EC500236B29C}"
EndProject
Project("{8BC9CEB8-8B4A-11D0-8D11-00A0C91BC942}") = "osm-import", "test\osm-import\osm-import.vcproj", "{B5C379AC-3D8E-4E02-8469-0C6D3EBE28D2}"
EndProject
Global
	GlobalSection(SolutionConfigurationPlatforms) = preSolution
		Debug|Win32 = Debug|Win32
		Debug|x64 = Debug|x64
		Release|Win32 = Release|Win32
		Release|x64 = Release|x64
	EndGlobalSection
	GlobalSection(ProjectConfigurationPlatforms) = postSolution
		{5EDD666F-C7F6-421B-9AEA-EC500236B29C}.Debug|Win32.ActiveCfg = Debug|Win32
		{5EDD666F-C7F6-421B-9AEA-EC500236B29C}.Debug|Win32.Build.0 = Debug|Win32
		{5EDD666F-C7F6-421B-9AEA-EC500236B29C}.Debug|x64.ActiveCfg = Debug|x64
		{5EDD666F-C7F6-421B-9AEA-EC500236B29C}.Debug|x64.Build.0 = Debug|x64
		{5EDD666F-C7F6-421B-9AEA-EC500236B29C}.Release|Win32.ActiveCfg = Release|Win32
		{5EDD666F-C7F6-421B-9AEA-EC500236B29C}.Release|Win32.Build.0 = Release|Win32
		{5EDD666F-C7F6-421B-9AEA-EC500236B29C}.Release|x64.ActiveCfg = Release|x64
		{5EDD666F-C7F6-421B-9AEA-EC500236B29C}.Release|x64.Build.0 = Release|x64
		{B5C379AC-3D8E-4E02-8469-0C6D3EBE28D2}.Debug|Win32.ActiveCfg = Debug|Win32
		{B5C379AC-3D8E-4E02-8469-0C6D3EBE28D2}.Debug|Win32.Build.0 = Debug|Win32
		{B5C379AC-3D8E-4E02-8469-0C6D3EBE28D2}.Debug|x64.ActiveCfg = Debug|Win32
		{B5C379AC-3D8E-4E02-8469-0C6D3EBE28D2}.Release|Win32.ActiveCfg = Release|Win32
		{B5C379AC-3D8E-4E02-8469-0C6D3EBE28D2}.Release|Win32.Build.0 = Release|Win32
		{B5C379AC-3D8E-4E02-8469-0C6D3EBE28D2}.Release|x64.ActiveCfg = Release|Win32
	EndGlobalSection
	GlobalSection(SolutionProperties) = preSolution
		HideSolutionNode = FALSE
	EndGlobalSection
EndGlobal
